
Microsoft Visual Studio Solution File, Format Version 12.00
# Visual Studio 14
VisualStudioVersion = 14.0.23107.0
MinimumVisualStudioVersion = 10.0.40219.1
Project("{8BC9CEB8-8B4A-11D0-8D11-00A0C91BC942}") = "Graphics Playground", "Graphics Playground\Graphics Playground.vcxproj", "{8DBA3C59-335F-4432-B3F0-92D4C1CD52B9}"
	ProjectSection(ProjectDependencies) = postProject
		{32FFB0D3-DAA7-436A-9E9A-44391510D878} = {32FFB0D3-DAA7-436A-9E9A-44391510D878}
	EndProjectSection
EndProject
Project("{8BC9CEB8-8B4A-11D0-8D11-00A0C91BC942}") = "3DEngine", "3DEngine\3DEngine.vcxproj", "{32FFB0D3-DAA7-436A-9E9A-44391510D878}"
EndProject
Project("{8BC9CEB8-8B4A-11D0-8D11-00A0C91BC942}") = "Debug Playground", "Debug Playground\Debug Playground.vcxproj", "{DA4B601E-A925-458C-B800-EFE14BC4E69B}"
	ProjectSection(ProjectDependencies) = postProject
		{32FFB0D3-DAA7-436A-9E9A-44391510D878} = {32FFB0D3-DAA7-436A-9E9A-44391510D878}
	EndProjectSection
EndProject
Project("{8BC9CEB8-8B4A-11D0-8D11-00A0C91BC942}") = "3DEngineTest", "3DEngineTest\3DEngineTest.vcxproj", "{6926F625-3A10-4E05-9871-71FA1B769535}"
EndProject
Global
	GlobalSection(SolutionConfigurationPlatforms) = preSolution
		Debug|x64 = Debug|x64
		Debug|x86 = Debug|x86
		Release|x64 = Release|x64
		Release|x86 = Release|x86
	EndGlobalSection
	GlobalSection(ProjectConfigurationPlatforms) = postSolution
		{8DBA3C59-335F-4432-B3F0-92D4C1CD52B9}.Debug|x64.ActiveCfg = Debug|x64
		{8DBA3C59-335F-4432-B3F0-92D4C1CD52B9}.Debug|x64.Build.0 = Debug|x64
		{8DBA3C59-335F-4432-B3F0-92D4C1CD52B9}.Debug|x86.ActiveCfg = Debug|x64
		{8DBA3C59-335F-4432-B3F0-92D4C1CD52B9}.Release|x64.ActiveCfg = Release|x64
		{8DBA3C59-335F-4432-B3F0-92D4C1CD52B9}.Release|x64.Build.0 = Release|x64
		{8DBA3C59-335F-4432-B3F0-92D4C1CD52B9}.Release|x86.ActiveCfg = Release|x64
		{32FFB0D3-DAA7-436A-9E9A-44391510D878}.Debug|x64.ActiveCfg = Debug|x64
		{32FFB0D3-DAA7-436A-9E9A-44391510D878}.Debug|x64.Build.0 = Debug|x64
		{32FFB0D3-DAA7-436A-9E9A-44391510D878}.Debug|x86.ActiveCfg = Debug|x64
		{32FFB0D3-DAA7-436A-9E9A-44391510D878}.Release|x64.ActiveCfg = Release|x64
		{32FFB0D3-DAA7-436A-9E9A-44391510D878}.Release|x64.Build.0 = Release|x64
		{32FFB0D3-DAA7-436A-9E9A-44391510D878}.Release|x86.ActiveCfg = Release|x64
		{DA4B601E-A925-458C-B800-EFE14BC4E69B}.Debug|x64.ActiveCfg = Debug|x64
		{DA4B601E-A925-458C-B800-EFE14BC4E69B}.Debug|x64.Build.0 = Debug|x64
		{DA4B601E-A925-458C-B800-EFE14BC4E69B}.Debug|x86.ActiveCfg = Debug|x64
		{DA4B601E-A925-458C-B800-EFE14BC4E69B}.Release|x64.ActiveCfg = Release|x64
		{DA4B601E-A925-458C-B800-EFE14BC4E69B}.Release|x64.Build.0 = Release|x64
		{DA4B601E-A925-458C-B800-EFE14BC4E69B}.Release|x86.ActiveCfg = Release|x64
		{6926F625-3A10-4E05-9871-71FA1B769535}.Debug|x64.ActiveCfg = Debug|x64
		{6926F625-3A10-4E05-9871-71FA1B769535}.Debug|x64.Build.0 = Debug|x64
		{6926F625-3A10-4E05-9871-71FA1B769535}.Debug|x86.ActiveCfg = Debug|Win32
		{6926F625-3A10-4E05-9871-71FA1B769535}.Debug|x86.Build.0 = Debug|Win32
		{6926F625-3A10-4E05-9871-71FA1B769535}.Release|x64.ActiveCfg = Release|x64
		{6926F625-3A10-4E05-9871-71FA1B769535}.Release|x64.Build.0 = Release|x64
		{6926F625-3A10-4E05-9871-71FA1B769535}.Release|x86.ActiveCfg = Release|Win32
		{6926F625-3A10-4E05-9871-71FA1B769535}.Release|x86.Build.0 = Release|Win32
	EndGlobalSection
	GlobalSection(SolutionProperties) = preSolution
		HideSolutionNode = FALSE
	EndGlobalSection
EndGlobal
