
Microsoft Visual Studio Solution File, Format Version 12.00
# Visual Studio Version 16
VisualStudioVersion = 16.0.29123.88
MinimumVisualStudioVersion = 10.0.40219.1
Project("{8BC9CEB8-8B4A-11D0-8D11-00A0C91BC942}") = "Graphics Playground", "Graphics Playground\Graphics Playground.vcxproj", "{8DBA3C59-335F-4432-B3F0-92D4C1CD52B9}"
	ProjectSection(ProjectDependencies) = postProject
		{32FFB0D3-DAA7-436A-9E9A-44391510D878} = {32FFB0D3-DAA7-436A-9E9A-44391510D878}
	EndProjectSection
EndProject
Project("{8BC9CEB8-8B4A-11D0-8D11-00A0C91BC942}") = "3DEngine", "3DEngine\3DEngine.vcxproj", "{32FFB0D3-DAA7-436A-9E9A-44391510D878}"
EndProject
Project("{8BC9CEB8-8B4A-11D0-8D11-00A0C91BC942}") = "3DEngineTests", "3DEngineTests\3DEngineTests.vcxproj", "{E5DD3B25-E33B-45B3-ABF9-96515830C618}"
	ProjectSection(ProjectDependencies) = postProject
		{32FFB0D3-DAA7-436A-9E9A-44391510D878} = {32FFB0D3-DAA7-436A-9E9A-44391510D878}
	EndProjectSection
EndProject
Global
	GlobalSection(SolutionConfigurationPlatforms) = preSolution
		Debug|x64 = Debug|x64
		Debug|x86 = Debug|x86
		Release|x64 = Release|x64
		Release|x86 = Release|x86
	EndGlobalSection
	GlobalSection(ProjectConfigurationPlatforms) = postSolution
		{8DBA3C59-335F-4432-B3F0-92D4C1CD52B9}.Debug|x64.ActiveCfg = Debug|x64
		{8DBA3C59-335F-4432-B3F0-92D4C1CD52B9}.Debug|x64.Build.0 = Debug|x64
		{8DBA3C59-335F-4432-B3F0-92D4C1CD52B9}.Debug|x86.ActiveCfg = Debug|x64
		{8DBA3C59-335F-4432-B3F0-92D4C1CD52B9}.Release|x64.ActiveCfg = Release|x64
		{8DBA3C59-335F-4432-B3F0-92D4C1CD52B9}.Release|x64.Build.0 = Release|x64
		{8DBA3C59-335F-4432-B3F0-92D4C1CD52B9}.Release|x86.ActiveCfg = Release|x64
		{32FFB0D3-DAA7-436A-9E9A-44391510D878}.Debug|x64.ActiveCfg = Debug|x64
		{32FFB0D3-DAA7-436A-9E9A-44391510D878}.Debug|x64.Build.0 = Debug|x64
		{32FFB0D3-DAA7-436A-9E9A-44391510D878}.Debug|x86.ActiveCfg = Debug|x64
		{32FFB0D3-DAA7-436A-9E9A-44391510D878}.Release|x64.ActiveCfg = Release|x64
		{32FFB0D3-DAA7-436A-9E9A-44391510D878}.Release|x64.Build.0 = Release|x64
		{32FFB0D3-DAA7-436A-9E9A-44391510D878}.Release|x86.ActiveCfg = Release|x64
		{E5DD3B25-E33B-45B3-ABF9-96515830C618}.Debug|x64.ActiveCfg = Debug|x64
		{E5DD3B25-E33B-45B3-ABF9-96515830C618}.Debug|x64.Build.0 = Debug|x64
		{E5DD3B25-E33B-45B3-ABF9-96515830C618}.Debug|x86.ActiveCfg = Debug|Win32
		{E5DD3B25-E33B-45B3-ABF9-96515830C618}.Debug|x86.Build.0 = Debug|Win32
		{E5DD3B25-E33B-45B3-ABF9-96515830C618}.Release|x64.ActiveCfg = Release|x64
		{E5DD3B25-E33B-45B3-ABF9-96515830C618}.Release|x64.Build.0 = Release|x64
		{E5DD3B25-E33B-45B3-ABF9-96515830C618}.Release|x86.ActiveCfg = Release|Win32
		{E5DD3B25-E33B-45B3-ABF9-96515830C618}.Release|x86.Build.0 = Release|Win32
	EndGlobalSection
	GlobalSection(SolutionProperties) = preSolution
		HideSolutionNode = FALSE
	EndGlobalSection
	GlobalSection(ExtensibilityGlobals) = postSolution
		SolutionGuid = {F9457E59-69E3-43F7-A6AD-CCB76448A747}
	EndGlobalSection
EndGlobal
