<?xml version="1.0" encoding="utf-8"?>
<Project ToolsVersion="4.0" xmlns="http://schemas.microsoft.com/developer/msbuild/2003">
  <ItemGroup>
    <Filter Include="Source Files">
      <UniqueIdentifier>{4FC737F1-C7A5-4376-A066-2A32D752A2FF}</UniqueIdentifier>
      <Extensions>cpp;c;cc;cxx;def;odl;idl;hpj;bat;asm;asmx</Extensions>
    </Filter>
    <Filter Include="data">
      <UniqueIdentifier>{16113422-2689-4bb2-bd5d-cd4ab8d0f29a}</UniqueIdentifier>
    </Filter>
    <Filter Include="data\shaders">
      <UniqueIdentifier>{c2a0288b-6deb-4c1f-812d-639659650813}</UniqueIdentifier>
    </Filter>
    <Filter Include="data\shaders\color">
      <UniqueIdentifier>{a21cc952-af27-4f39-b00e-502c72ba2f84}</UniqueIdentifier>
    </Filter>
    <Filter Include="data\shaders\phong">
      <UniqueIdentifier>{29fc2a83-da54-44d3-bb6a-0c0cdd82ec06}</UniqueIdentifier>
    </Filter>
    <Filter Include="data\shaders\normal">
      <UniqueIdentifier>{35406b7b-1fcb-4025-b9f3-6ec318278f3a}</UniqueIdentifier>
    </Filter>
    <Filter Include="data\shaders\const">
      <UniqueIdentifier>{72f28301-0593-4e4e-a92d-78dd53cdb11c}</UniqueIdentifier>
    </Filter>
    <Filter Include="data\scenes">
      <UniqueIdentifier>{fd416fe8-c161-49b3-bc12-1bb782d5dc03}</UniqueIdentifier>
    </Filter>
    <Filter Include="data\shaders\specialized">
      <UniqueIdentifier>{c8ce3269-5f14-4980-9f96-0d3d20106c5b}</UniqueIdentifier>
    </Filter>
    <Filter Include="Source Files\animation">
      <UniqueIdentifier>{d2bf620c-605a-4827-a643-8040e1e610bc}</UniqueIdentifier>
    </Filter>
    <Filter Include="Source Files\camera">
      <UniqueIdentifier>{0f698d31-c7cb-4772-820b-426f9d1b8332}</UniqueIdentifier>
    </Filter>
    <Filter Include="Source Files\core">
      <UniqueIdentifier>{30d20ed6-5b6e-4b3c-bc63-46458e28da9e}</UniqueIdentifier>
    </Filter>
    <Filter Include="Source Files\input">
      <UniqueIdentifier>{ad8b9210-b2c4-4a09-a8dd-706df8b45ef7}</UniqueIdentifier>
    </Filter>
    <Filter Include="Source Files\light">
      <UniqueIdentifier>{a3c4db3f-a56e-4ba2-a6c0-4f410e7756db}</UniqueIdentifier>
    </Filter>
    <Filter Include="Source Files\scene">
      <UniqueIdentifier>{ceed5300-3960-4a87-b087-3cdb4a1b1b57}</UniqueIdentifier>
    </Filter>
    <Filter Include="Source Files\shaders">
      <UniqueIdentifier>{07fae743-8281-4fe5-a62f-86666be46839}</UniqueIdentifier>
    </Filter>
    <Filter Include="Source Files\shapes">
      <UniqueIdentifier>{bfc9ce7b-82d8-49b0-ac0f-edf48984a2d4}</UniqueIdentifier>
    </Filter>
    <Filter Include="Source Files\texture">
      <UniqueIdentifier>{0b710b89-fe25-4b56-85cf-82a69c8c84ea}</UniqueIdentifier>
    </Filter>
    <Filter Include="Source Files\util">
      <UniqueIdentifier>{5e104c5f-1d2a-4848-9988-b04bfa383fbe}</UniqueIdentifier>
    </Filter>
    <Filter Include="Source Files\rendering">
      <UniqueIdentifier>{37270fe2-da46-499a-b15d-c4d630bdf31a}</UniqueIdentifier>
    </Filter>
    <Filter Include="data\shaders\sh">
      <UniqueIdentifier>{8dd0adde-c49a-435a-b399-51831c255c7b}</UniqueIdentifier>
    </Filter>
    <Filter Include="Source Files\math">
      <UniqueIdentifier>{77edf59b-308f-4c53-9f04-66087e885491}</UniqueIdentifier>
    </Filter>
    <Filter Include="Source Files\materials">
      <UniqueIdentifier>{f6822c38-77b7-4685-9cdd-af18be151dc2}</UniqueIdentifier>
    </Filter>
    <Filter Include="Source Files\shaders\specialized">
      <UniqueIdentifier>{21011bcf-315e-4d43-a5bc-b3916fccf300}</UniqueIdentifier>
    </Filter>
    <Filter Include="Source Files\light\shadow">
      <UniqueIdentifier>{ab6382fc-8569-46e0-a763-88c04eb02600}</UniqueIdentifier>
    </Filter>
  </ItemGroup>
  <ItemGroup>
    <ClInclude Include="src\enums.h">
      <Filter>Source Files\core</Filter>
    </ClInclude>
    <ClInclude Include="src\shader\ShaderBase.h">
      <Filter>Source Files\shaders</Filter>
    </ClInclude>
    <ClInclude Include="src\shader\GLSLProgram.h">
      <Filter>Source Files\shaders</Filter>
    </ClInclude>
    <ClInclude Include="src\input\MouseObserver.h">
      <Filter>Source Files\input</Filter>
    </ClInclude>
    <ClInclude Include="src\light\PointLight.h">
      <Filter>Source Files\light</Filter>
    </ClInclude>
    <ClInclude Include="src\camera\Camera.h">
      <Filter>Source Files\camera</Filter>
    </ClInclude>
    <ClInclude Include="src\camera\PerspectiveCamera.h">
      <Filter>Source Files\camera</Filter>
    </ClInclude>
    <ClInclude Include="src\input\KeyboardObserver.h">
      <Filter>Source Files\input</Filter>
    </ClInclude>
    <ClInclude Include="src\camera\CameraAdapter.h">
      <Filter>Source Files\camera</Filter>
    </ClInclude>
    <ClInclude Include="src\camera\FirstPersonCameraAdapter.h">
      <Filter>Source Files\camera</Filter>
    </ClInclude>
    <ClInclude Include="src\camera\InspectionCameraAdapter.h">
      <Filter>Source Files\camera</Filter>
    </ClInclude>
    <ClInclude Include="src\shader\PhongShader.h">
      <Filter>Source Files\shaders</Filter>
    </ClInclude>
    <ClInclude Include="src\input\ViewportObserver.h">
      <Filter>Source Files\input</Filter>
    </ClInclude>
    <ClInclude Include="src\input\WindowEventHandler.h">
      <Filter>Source Files\input</Filter>
    </ClInclude>
    <ClInclude Include="src\shape\Box.h">
      <Filter>Source Files\shapes</Filter>
    </ClInclude>
    <ClInclude Include="src\shape\Mesh.h">
      <Filter>Source Files\shapes</Filter>
    </ClInclude>
    <ClInclude Include="src\shape\Shape.h">
      <Filter>Source Files\shapes</Filter>
    </ClInclude>
    <ClInclude Include="src\shape\Triangle.h">
      <Filter>Source Files\shapes</Filter>
    </ClInclude>
    <ClInclude Include="src\light\Light.h">
      <Filter>Source Files\light</Filter>
    </ClInclude>
    <ClInclude Include="src\scene\Scene.h">
      <Filter>Source Files\scene</Filter>
    </ClInclude>
    <ClInclude Include="src\scene\SceneParser.h">
      <Filter>Source Files\scene</Filter>
    </ClInclude>
    <ClInclude Include="src\util\Util.h">
      <Filter>Source Files\util</Filter>
    </ClInclude>
    <ClInclude Include="src\light\LightModel.h">
      <Filter>Source Files\light</Filter>
    </ClInclude>
    <ClInclude Include="src\animation\TimeObserver.h">
      <Filter>Source Files\animation</Filter>
    </ClInclude>
    <ClInclude Include="src\light\SpotLight.h">
      <Filter>Source Files\light</Filter>
    </ClInclude>
    <ClInclude Include="src\util\ObjLoader.h">
      <Filter>Source Files\util</Filter>
    </ClInclude>
    <ClInclude Include="src\texture\CubeMapTexture.h">
      <Filter>Source Files\texture</Filter>
    </ClInclude>
    <ClInclude Include="src\shape\Skybox.h">
      <Filter>Source Files\shapes</Filter>
    </ClInclude>
    <ClInclude Include="src\util\MeshRaw.h">
      <Filter>Source Files\util</Filter>
    </ClInclude>
    <ClInclude Include="src\util\SharedPointer.h">
      <Filter>Source Files\util</Filter>
    </ClInclude>
    <ClInclude Include="src\util\gettersetter.h">
      <Filter>Source Files\util</Filter>
    </ClInclude>
    <ClInclude Include="src\input\InputHandler.h">
      <Filter>Source Files\input</Filter>
    </ClInclude>
    <ClInclude Include="src\input\InputHandlerFactory.h">
      <Filter>Source Files\input</Filter>
    </ClInclude>
    <ClInclude Include="src\stdafx.h">
      <Filter>Source Files</Filter>
    </ClInclude>
    <ClInclude Include="src\shader\PhongTextureShader.h">
      <Filter>Source Files\shaders</Filter>
    </ClInclude>
    <ClInclude Include="src\error.h">
      <Filter>Source Files\core</Filter>
    </ClInclude>
    <ClInclude Include="src\rendering\Renderable.h">
      <Filter>Source Files\rendering</Filter>
    </ClInclude>
    <ClInclude Include="src\rendering\Renderer.h">
      <Filter>Source Files\rendering</Filter>
    </ClInclude>
    <ClInclude Include="src\rendering\GeometryBuffer.h">
      <Filter>Source Files\rendering</Filter>
    </ClInclude>
    <ClInclude Include="src\shader\SHDiffuseShader.h">
      <Filter>Source Files\shaders</Filter>
    </ClInclude>
    <ClInclude Include="src\util\ShCoeffParser.h">
      <Filter>Source Files\util</Filter>
    </ClInclude>
    <ClInclude Include="src\util\XmlUtils.h">
      <Filter>Source Files\util</Filter>
    </ClInclude>
    <ClInclude Include="src\math\HaltonSphere.h">
      <Filter>Source Files\math</Filter>
    </ClInclude>
    <ClInclude Include="src\rendering\Viewport.h">
      <Filter>Source Files\rendering</Filter>
    </ClInclude>
    <ClInclude Include="src\materials\Material.h">
      <Filter>Source Files\materials</Filter>
    </ClInclude>
    <ClInclude Include="src\shader\MaterialShader.h">
      <Filter>Source Files\shaders</Filter>
    </ClInclude>
    <ClInclude Include="src\shader\ConstColorShader.h">
      <Filter>Source Files\shaders</Filter>
    </ClInclude>
    <ClInclude Include="src\shader\IntrinsicColorShader.h">
      <Filter>Source Files\shaders</Filter>
    </ClInclude>
    <ClInclude Include="src\core\gl.h">
      <Filter>Source Files\core</Filter>
    </ClInclude>
    <ClInclude Include="src\texture\ShadowMapTexture.h">
      <Filter>Source Files\texture</Filter>
    </ClInclude>
    <ClInclude Include="src\texture\Framebuffer.h">
      <Filter>Source Files\texture</Filter>
    </ClInclude>
    <ClInclude Include="src\shader\GBufferShader.h">
      <Filter>Source Files\shaders\specialized</Filter>
    </ClInclude>
    <ClInclude Include="src\shader\UniformBufferShader.h">
      <Filter>Source Files\shaders\specialized</Filter>
    </ClInclude>
    <ClInclude Include="src\shader\UniformBuffer.h">
      <Filter>Source Files\shaders\specialized</Filter>
    </ClInclude>
    <ClInclude Include="src\shader\SkyboxShader.h">
      <Filter>Source Files\shaders\specialized</Filter>
    </ClInclude>
    <ClInclude Include="src\shader\ShadowMapShader.h">
      <Filter>Source Files\shaders\specialized</Filter>
    </ClInclude>
    <ClInclude Include="src\texture\Texture2D.h">
      <Filter>Source Files\texture</Filter>
    </ClInclude>
    <ClInclude Include="src\texture\Texture.h">
      <Filter>Source Files\texture</Filter>
    </ClInclude>
    <ClInclude Include="src\shader\ShaderLibrary.h">
      <Filter>Source Files\shaders</Filter>
    </ClInclude>
    <ClInclude Include="src\texture\Texture3D.h">
      <Filter>Source Files\texture</Filter>
    </ClInclude>
    <ClInclude Include="src\light\Shadow.h">
      <Filter>Source Files\light\shadow</Filter>
    </ClInclude>
    <ClInclude Include="src\light\ShadowUtil.h">
      <Filter>Source Files\light\shadow</Filter>
    </ClInclude>
  </ItemGroup>
  <ItemGroup>
    <ClCompile Include="src\camera\Camera.cpp">
      <Filter>Source Files\camera</Filter>
    </ClCompile>
    <ClCompile Include="src\camera\FirstPersonCameraAdapter.cpp">
      <Filter>Source Files\camera</Filter>
    </ClCompile>
    <ClCompile Include="src\camera\InspectionCameraAdapter.cpp">
      <Filter>Source Files\camera</Filter>
    </ClCompile>
    <ClCompile Include="src\camera\PerspectiveCamera.cpp">
      <Filter>Source Files\camera</Filter>
    </ClCompile>
    <ClCompile Include="src\input\WindowEventHandler.cpp">
      <Filter>Source Files\input</Filter>
    </ClCompile>
    <ClCompile Include="src\light\Light.cpp">
      <Filter>Source Files\light</Filter>
    </ClCompile>
    <ClCompile Include="src\light\LightModel.cpp">
      <Filter>Source Files\light</Filter>
    </ClCompile>
    <ClCompile Include="src\light\PointLight.cpp">
      <Filter>Source Files\light</Filter>
    </ClCompile>
    <ClCompile Include="src\light\SpotLight.cpp">
      <Filter>Source Files\light</Filter>
    </ClCompile>
    <ClCompile Include="src\scene\Scene.cpp">
      <Filter>Source Files\scene</Filter>
    </ClCompile>
    <ClCompile Include="src\scene\SceneParser.cpp">
      <Filter>Source Files\scene</Filter>
    </ClCompile>
    <ClCompile Include="src\shader\GLSLProgram.cpp">
      <Filter>Source Files\shaders</Filter>
    </ClCompile>
    <ClCompile Include="src\shader\PhongShader.cpp">
      <Filter>Source Files\shaders</Filter>
    </ClCompile>
    <ClCompile Include="src\shader\ShaderBase.cpp">
      <Filter>Source Files\shaders</Filter>
    </ClCompile>
    <ClCompile Include="src\shape\Box.cpp">
      <Filter>Source Files\shapes</Filter>
    </ClCompile>
    <ClCompile Include="src\shape\Mesh.cpp">
      <Filter>Source Files\shapes</Filter>
    </ClCompile>
    <ClCompile Include="src\shape\Shape.cpp">
      <Filter>Source Files\shapes</Filter>
    </ClCompile>
    <ClCompile Include="src\shape\Skybox.cpp">
      <Filter>Source Files\shapes</Filter>
    </ClCompile>
    <ClCompile Include="src\shape\Triangle.cpp">
      <Filter>Source Files\shapes</Filter>
    </ClCompile>
    <ClCompile Include="src\texture\CubeMapTexture.cpp">
      <Filter>Source Files\texture</Filter>
    </ClCompile>
    <ClCompile Include="src\util\MeshRaw.cpp">
      <Filter>Source Files\util</Filter>
    </ClCompile>
    <ClCompile Include="src\util\ObjLoader.cpp">
      <Filter>Source Files\util</Filter>
    </ClCompile>
    <ClCompile Include="src\util\Util.cpp">
      <Filter>Source Files\util</Filter>
    </ClCompile>
    <ClCompile Include="src\stdafx.cpp">
      <Filter>Source Files</Filter>
    </ClCompile>
    <ClCompile Include="src\shader\PhongTextureShader.cpp">
      <Filter>Source Files\shaders</Filter>
    </ClCompile>
    <ClCompile Include="src\common.cpp">
      <Filter>Source Files\core</Filter>
    </ClCompile>
    <ClCompile Include="src\rendering\Renderer.cpp">
      <Filter>Source Files\rendering</Filter>
    </ClCompile>
    <ClCompile Include="src\rendering\GeometryBuffer.cpp">
      <Filter>Source Files\rendering</Filter>
    </ClCompile>
    <ClCompile Include="src\shader\SHDiffuseShader.cpp">
      <Filter>Source Files\shaders</Filter>
    </ClCompile>
    <ClCompile Include="src\util\ShCoeffParser.cpp">
      <Filter>Source Files\util</Filter>
    </ClCompile>
    <ClCompile Include="src\util\XmlUtils.cpp">
      <Filter>Source Files\util</Filter>
    </ClCompile>
    <ClCompile Include="src\math\HaltonSphere.cpp">
      <Filter>Source Files\math</Filter>
    </ClCompile>
    <ClCompile Include="src\rendering\Viewport.cpp">
      <Filter>Source Files\rendering</Filter>
    </ClCompile>
    <ClCompile Include="src\materials\Material.cpp">
      <Filter>Source Files\materials</Filter>
    </ClCompile>
    <ClCompile Include="src\shader\ConstColorShader.cpp">
      <Filter>Source Files\shaders</Filter>
    </ClCompile>
    <ClCompile Include="src\texture\ShadowMapTexture.cpp">
      <Filter>Source Files\texture</Filter>
    </ClCompile>
    <ClCompile Include="src\texture\Framebuffer.cpp">
      <Filter>Source Files\texture</Filter>
    </ClCompile>
    <ClCompile Include="src\shader\GBufferShader.cpp">
      <Filter>Source Files\shaders\specialized</Filter>
    </ClCompile>
    <ClCompile Include="src\shader\UniformBuffer.cpp">
      <Filter>Source Files\shaders\specialized</Filter>
    </ClCompile>
    <ClCompile Include="src\shader\UniformBufferShader.cpp">
      <Filter>Source Files\shaders\specialized</Filter>
    </ClCompile>
    <ClCompile Include="src\shader\SkyboxShader.cpp">
      <Filter>Source Files\shaders\specialized</Filter>
    </ClCompile>
    <ClCompile Include="src\shader\ShadowMapShader.cpp">
      <Filter>Source Files\shaders\specialized</Filter>
    </ClCompile>
    <ClCompile Include="src\shader\IntrinsicColorShader.cpp">
      <Filter>Source Files\shaders</Filter>
    </ClCompile>
    <ClCompile Include="src\texture\Texture2D.cpp">
      <Filter>Source Files\texture</Filter>
    </ClCompile>
    <ClCompile Include="src\texture\Texture.cpp">
      <Filter>Source Files\texture</Filter>
    </ClCompile>
    <ClCompile Include="src\shader\ShaderLibrary.cpp">
      <Filter>Source Files\shaders</Filter>
    </ClCompile>
    <ClCompile Include="src\texture\Texture3D.cpp">
      <Filter>Source Files\texture</Filter>
    </ClCompile>
    <ClCompile Include="src\light\Shadow.cpp">
      <Filter>Source Files\light\shadow</Filter>
    </ClCompile>
    <ClCompile Include="src\light\ShadowUtil.cpp">
      <Filter>Source Files\light\shadow</Filter>
    </ClCompile>
  </ItemGroup>
  <ItemGroup>
    <None Include="..\data\shader\phongShader.frag">
      <Filter>data\shaders\phong</Filter>
    </None>
    <None Include="..\data\shader\phongShader.vert">
      <Filter>data\shaders\phong</Filter>
    </None>
    <None Include="..\data\shader\normalShader.frag">
      <Filter>data\shaders\normal</Filter>
    </None>
    <None Include="..\data\shader\normalShader.vert">
      <Filter>data\shaders\normal</Filter>
    </None>
    <None Include="..\data\shader\uniformBuffer.vert">
      <Filter>data\shaders\specialized</Filter>
    </None>
    <None Include="..\data\shader\uniformBuffer.frag">
      <Filter>data\shaders\specialized</Filter>
    </None>
    <None Include="..\data\shader\phongBumpShader.frag">
      <Filter>data\shaders\phong</Filter>
    </None>
    <None Include="..\data\shader\phongBumpShader.vert">
      <Filter>data\shaders\phong</Filter>
    </None>
    <None Include="..\data\shader\skyboxShader.frag">
      <Filter>data\shaders\specialized</Filter>
    </None>
    <None Include="..\data\shader\skyboxShader.vert">
      <Filter>data\shaders\specialized</Filter>
    </None>
    <None Include="packages.config" />
    <None Include="..\data\shader\gBufferShader.frag">
      <Filter>data\shaders\specialized</Filter>
    </None>
    <None Include="..\data\shader\gBufferShader.vert">
      <Filter>data\shaders\specialized</Filter>
    </None>
    <None Include="..\data\shader\diffuseSH.frag">
      <Filter>data\shaders\sh</Filter>
    </None>
    <None Include="..\data\shader\diffuseSH.vert">
      <Filter>data\shaders\sh</Filter>
    </None>
    <None Include="..\data\shader\constColorShader.frag">
      <Filter>data\shaders\const</Filter>
    </None>
    <None Include="..\data\shader\constColorShader.vert">
      <Filter>data\shaders\const</Filter>
    </None>
    <None Include="..\data\shader\intrinsicColorShader.frag">
      <Filter>data\shaders\color</Filter>
    </None>
    <None Include="..\data\shader\intrinsicColorShader.vert">
      <Filter>data\shaders\color</Filter>
    </None>
    <None Include="..\data\shader\shadowMapShader.frag">
      <Filter>data\shaders\specialized</Filter>
    </None>
    <None Include="..\data\shader\shadowMapShader.vert">
      <Filter>data\shaders\specialized</Filter>
    </None>
  </ItemGroup>
  <ItemGroup>
    <Xml Include="..\data\scenes\boxScene.xml">
      <Filter>data\scenes</Filter>
    </Xml>
    <Xml Include="..\data\scenes\headScene.xml">
      <Filter>data\scenes</Filter>
    </Xml>
    <Xml Include="..\data\scenes\ogreScene.xml">
      <Filter>data\scenes</Filter>
    </Xml>
    <Xml Include="..\data\scenes\simpleScene.xml">
      <Filter>data\scenes</Filter>
    </Xml>
    <Xml Include="..\data\scenes\manyPlanes.xml">
      <Filter>data\scenes</Filter>
    </Xml>
    <Xml Include="..\data\scenes\road.xml">
      <Filter>data\scenes</Filter>
    </Xml>
    <Xml Include="..\data\scenes\envHorse.xml">
      <Filter>data\scenes</Filter>
    </Xml>
    <Xml Include="..\data\scenes\shScene.xml">
      <Filter>data\scenes</Filter>
    </Xml>
    <Xml Include="..\data\scenes\shadowScene.xml">
      <Filter>data\scenes</Filter>
    </Xml>
  </ItemGroup>
</Project>